
Microsoft Visual Studio Solution File, Format Version 12.00
# Visual Studio Version 17
VisualStudioVersion = 17.2.32616.157
MinimumVisualStudioVersion = 10.0.40219.1
Project("{FAE04EC0-301F-11D3-BF4B-00C04F79EFBC}") = "BetterEPLInjector", "BetterEPLInjector.csproj", "{9E5D4AB9-ECFA-4977-BE35-F28F15DFBB70}"
EndProject
Global
	GlobalSection(SolutionConfigurationPlatforms) = preSolution
		Debug|Any CPU = Debug|Any CPU
		Release|Any CPU = Release|Any CPU
	EndGlobalSection
	GlobalSection(ProjectConfigurationPlatforms) = postSolution
		{9E5D4AB9-ECFA-4977-BE35-F28F15DFBB70}.Debug|Any CPU.ActiveCfg = Debug|Any CPU
		{9E5D4AB9-ECFA-4977-BE35-F28F15DFBB70}.Debug|Any CPU.Build.0 = Debug|Any CPU
		{9E5D4AB9-ECFA-4977-BE35-F28F15DFBB70}.Release|Any CPU.ActiveCfg = Release|Any CPU
		{9E5D4AB9-ECFA-4977-BE35-F28F15DFBB70}.Release|Any CPU.Build.0 = Release|Any CPU
	EndGlobalSection
	GlobalSection(SolutionProperties) = preSolution
		HideSolutionNode = FALSE
	EndGlobalSection
	GlobalSection(ExtensibilityGlobals) = postSolution
		SolutionGuid = {CE56C483-3FEB-40D4-B540-FBEB500BCE2E}
	EndGlobalSection
EndGlobal
